
Microsoft Visual Studio Solution File, Format Version 12.00
# Visual Studio 15
VisualStudioVersion = 15.0.28010.2003
MinimumVisualStudioVersion = 10.0.40219.1
Project("{2150E333-8FDC-42A3-9474-1A3956D46DE8}") = "Solution Items", "Solution Items", "{57C53B06-09DF-42C7-8432-F6648FD3FB66}"
	ProjectSection(SolutionItems) = preProject
		SharedAssemblyInfo.cs = SharedAssemblyInfo.cs
	EndProjectSection
EndProject
Project("{9A19103F-16F7-4668-BE54-9A1E7A4F7556}") = "mvvmcrossissue", "mvvmcrossissue\mvvmcrossissue\mvvmcrossissue.csproj", "{A70A96C7-56C0-4BC8-B0C1-C9F8395971B0}"
EndProject
Project("{FAE04EC0-301F-11D3-BF4B-00C04F79EFBC}") = "mvvmcrossissue.Android", "mvvmcrossissue\mvvmcrossissue.Android\mvvmcrossissue.Android.csproj", "{083640BC-85C9-4A3F-AD1D-5B03E2AC873D}"
EndProject
Project("{FAE04EC0-301F-11D3-BF4B-00C04F79EFBC}") = "mvvmcrossissue.iOS", "mvvmcrossissue\mvvmcrossissue.iOS\mvvmcrossissue.iOS.csproj", "{23D2B0C4-6250-4191-AEBD-894AA708096C}"
EndProject
Project("{FAE04EC0-301F-11D3-BF4B-00C04F79EFBC}") = "mvvmcrossissue.UWP", "mvvmcrossissue\mvvmcrossissue.UWP\mvvmcrossissue.UWP.csproj", "{CB2864F3-19E6-4544-9DEA-EC86792932D6}"
EndProject
Global
	GlobalSection(SolutionConfigurationPlatforms) = preSolution
		Ad-Hoc|Any CPU = Ad-Hoc|Any CPU
		Ad-Hoc|ARM = Ad-Hoc|ARM
		Ad-Hoc|iPhone = Ad-Hoc|iPhone
		Ad-Hoc|iPhoneSimulator = Ad-Hoc|iPhoneSimulator
		Ad-Hoc|x64 = Ad-Hoc|x64
		Ad-Hoc|x86 = Ad-Hoc|x86
		AppStore|Any CPU = AppStore|Any CPU
		AppStore|ARM = AppStore|ARM
		AppStore|iPhone = AppStore|iPhone
		AppStore|iPhoneSimulator = AppStore|iPhoneSimulator
		AppStore|x64 = AppStore|x64
		AppStore|x86 = AppStore|x86
		Debug|Any CPU = Debug|Any CPU
		Debug|ARM = Debug|ARM
		Debug|iPhone = Debug|iPhone
		Debug|iPhoneSimulator = Debug|iPhoneSimulator
		Debug|x64 = Debug|x64
		Debug|x86 = Debug|x86
		Release|Any CPU = Release|Any CPU
		Release|ARM = Release|ARM
		Release|iPhone = Release|iPhone
		Release|iPhoneSimulator = Release|iPhoneSimulator
		Release|x64 = Release|x64
		Release|x86 = Release|x86
	EndGlobalSection
	GlobalSection(ProjectConfigurationPlatforms) = postSolution
		{A70A96C7-56C0-4BC8-B0C1-C9F8395971B0}.Ad-Hoc|Any CPU.ActiveCfg = Debug|Any CPU
		{A70A96C7-56C0-4BC8-B0C1-C9F8395971B0}.Ad-Hoc|Any CPU.Build.0 = Debug|Any CPU
		{A70A96C7-56C0-4BC8-B0C1-C9F8395971B0}.Ad-Hoc|ARM.ActiveCfg = Debug|Any CPU
		{A70A96C7-56C0-4BC8-B0C1-C9F8395971B0}.Ad-Hoc|ARM.Build.0 = Debug|Any CPU
		{A70A96C7-56C0-4BC8-B0C1-C9F8395971B0}.Ad-Hoc|iPhone.ActiveCfg = Debug|Any CPU
		{A70A96C7-56C0-4BC8-B0C1-C9F8395971B0}.Ad-Hoc|iPhone.Build.0 = Debug|Any CPU
		{A70A96C7-56C0-4BC8-B0C1-C9F8395971B0}.Ad-Hoc|iPhoneSimulator.ActiveCfg = Debug|Any CPU
		{A70A96C7-56C0-4BC8-B0C1-C9F8395971B0}.Ad-Hoc|iPhoneSimulator.Build.0 = Debug|Any CPU
		{A70A96C7-56C0-4BC8-B0C1-C9F8395971B0}.Ad-Hoc|x64.ActiveCfg = Debug|Any CPU
		{A70A96C7-56C0-4BC8-B0C1-C9F8395971B0}.Ad-Hoc|x64.Build.0 = Debug|Any CPU
		{A70A96C7-56C0-4BC8-B0C1-C9F8395971B0}.Ad-Hoc|x86.ActiveCfg = Debug|Any CPU
		{A70A96C7-56C0-4BC8-B0C1-C9F8395971B0}.Ad-Hoc|x86.Build.0 = Debug|Any CPU
		{A70A96C7-56C0-4BC8-B0C1-C9F8395971B0}.AppStore|Any CPU.ActiveCfg = Debug|Any CPU
		{A70A96C7-56C0-4BC8-B0C1-C9F8395971B0}.AppStore|Any CPU.Build.0 = Debug|Any CPU
		{A70A96C7-56C0-4BC8-B0C1-C9F8395971B0}.AppStore|ARM.ActiveCfg = Debug|Any CPU
		{A70A96C7-56C0-4BC8-B0C1-C9F8395971B0}.AppStore|ARM.Build.0 = Debug|Any CPU
		{A70A96C7-56C0-4BC8-B0C1-C9F8395971B0}.AppStore|iPhone.ActiveCfg = Debug|Any CPU
		{A70A96C7-56C0-4BC8-B0C1-C9F8395971B0}.AppStore|iPhone.Build.0 = Debug|Any CPU
		{A70A96C7-56C0-4BC8-B0C1-C9F8395971B0}.AppStore|iPhoneSimulator.ActiveCfg = Debug|Any CPU
		{A70A96C7-56C0-4BC8-B0C1-C9F8395971B0}.AppStore|iPhoneSimulator.Build.0 = Debug|Any CPU
		{A70A96C7-56C0-4BC8-B0C1-C9F8395971B0}.AppStore|x64.ActiveCfg = Debug|Any CPU
		{A70A96C7-56C0-4BC8-B0C1-C9F8395971B0}.AppStore|x64.Build.0 = Debug|Any CPU
		{A70A96C7-56C0-4BC8-B0C1-C9F8395971B0}.AppStore|x86.ActiveCfg = Debug|Any CPU
		{A70A96C7-56C0-4BC8-B0C1-C9F8395971B0}.AppStore|x86.Build.0 = Debug|Any CPU
		{A70A96C7-56C0-4BC8-B0C1-C9F8395971B0}.Debug|Any CPU.ActiveCfg = Debug|Any CPU
		{A70A96C7-56C0-4BC8-B0C1-C9F8395971B0}.Debug|Any CPU.Build.0 = Debug|Any CPU
		{A70A96C7-56C0-4BC8-B0C1-C9F8395971B0}.Debug|ARM.ActiveCfg = Debug|Any CPU
		{A70A96C7-56C0-4BC8-B0C1-C9F8395971B0}.Debug|ARM.Build.0 = Debug|Any CPU
		{A70A96C7-56C0-4BC8-B0C1-C9F8395971B0}.Debug|iPhone.ActiveCfg = Debug|Any CPU
		{A70A96C7-56C0-4BC8-B0C1-C9F8395971B0}.Debug|iPhone.Build.0 = Debug|Any CPU
		{A70A96C7-56C0-4BC8-B0C1-C9F8395971B0}.Debug|iPhoneSimulator.ActiveCfg = Debug|Any CPU
		{A70A96C7-56C0-4BC8-B0C1-C9F8395971B0}.Debug|iPhoneSimulator.Build.0 = Debug|Any CPU
		{A70A96C7-56C0-4BC8-B0C1-C9F8395971B0}.Debug|x64.ActiveCfg = Debug|Any CPU
		{A70A96C7-56C0-4BC8-B0C1-C9F8395971B0}.Debug|x64.Build.0 = Debug|Any CPU
		{A70A96C7-56C0-4BC8-B0C1-C9F8395971B0}.Debug|x86.ActiveCfg = Debug|Any CPU
		{A70A96C7-56C0-4BC8-B0C1-C9F8395971B0}.Debug|x86.Build.0 = Debug|Any CPU
		{A70A96C7-56C0-4BC8-B0C1-C9F8395971B0}.Release|Any CPU.ActiveCfg = Release|Any CPU
		{A70A96C7-56C0-4BC8-B0C1-C9F8395971B0}.Release|Any CPU.Build.0 = Release|Any CPU
		{A70A96C7-56C0-4BC8-B0C1-C9F8395971B0}.Release|ARM.ActiveCfg = Release|Any CPU
		{A70A96C7-56C0-4BC8-B0C1-C9F8395971B0}.Release|ARM.Build.0 = Release|Any CPU
		{A70A96C7-56C0-4BC8-B0C1-C9F8395971B0}.Release|iPhone.ActiveCfg = Release|Any CPU
		{A70A96C7-56C0-4BC8-B0C1-C9F8395971B0}.Release|iPhone.Build.0 = Release|Any CPU
		{A70A96C7-56C0-4BC8-B0C1-C9F8395971B0}.Release|iPhoneSimulator.ActiveCfg = Release|Any CPU
		{A70A96C7-56C0-4BC8-B0C1-C9F8395971B0}.Release|iPhoneSimulator.Build.0 = Release|Any CPU
		{A70A96C7-56C0-4BC8-B0C1-C9F8395971B0}.Release|x64.ActiveCfg = Release|Any CPU
		{A70A96C7-56C0-4BC8-B0C1-C9F8395971B0}.Release|x64.Build.0 = Release|Any CPU
		{A70A96C7-56C0-4BC8-B0C1-C9F8395971B0}.Release|x86.ActiveCfg = Release|Any CPU
		{A70A96C7-56C0-4BC8-B0C1-C9F8395971B0}.Release|x86.Build.0 = Release|Any CPU
		{083640BC-85C9-4A3F-AD1D-5B03E2AC873D}.Ad-Hoc|Any CPU.ActiveCfg = Release|Any CPU
		{083640BC-85C9-4A3F-AD1D-5B03E2AC873D}.Ad-Hoc|Any CPU.Build.0 = Release|Any CPU
		{083640BC-85C9-4A3F-AD1D-5B03E2AC873D}.Ad-Hoc|Any CPU.Deploy.0 = Release|Any CPU
		{083640BC-85C9-4A3F-AD1D-5B03E2AC873D}.Ad-Hoc|ARM.ActiveCfg = Release|Any CPU
		{083640BC-85C9-4A3F-AD1D-5B03E2AC873D}.Ad-Hoc|ARM.Build.0 = Release|Any CPU
		{083640BC-85C9-4A3F-AD1D-5B03E2AC873D}.Ad-Hoc|ARM.Deploy.0 = Release|Any CPU
		{083640BC-85C9-4A3F-AD1D-5B03E2AC873D}.Ad-Hoc|iPhone.ActiveCfg = Release|Any CPU
		{083640BC-85C9-4A3F-AD1D-5B03E2AC873D}.Ad-Hoc|iPhone.Build.0 = Release|Any CPU
		{083640BC-85C9-4A3F-AD1D-5B03E2AC873D}.Ad-Hoc|iPhone.Deploy.0 = Release|Any CPU
		{083640BC-85C9-4A3F-AD1D-5B03E2AC873D}.Ad-Hoc|iPhoneSimulator.ActiveCfg = Release|Any CPU
		{083640BC-85C9-4A3F-AD1D-5B03E2AC873D}.Ad-Hoc|iPhoneSimulator.Build.0 = Release|Any CPU
		{083640BC-85C9-4A3F-AD1D-5B03E2AC873D}.Ad-Hoc|iPhoneSimulator.Deploy.0 = Release|Any CPU
		{083640BC-85C9-4A3F-AD1D-5B03E2AC873D}.Ad-Hoc|x64.ActiveCfg = Release|Any CPU
		{083640BC-85C9-4A3F-AD1D-5B03E2AC873D}.Ad-Hoc|x64.Build.0 = Release|Any CPU
		{083640BC-85C9-4A3F-AD1D-5B03E2AC873D}.Ad-Hoc|x64.Deploy.0 = Release|Any CPU
		{083640BC-85C9-4A3F-AD1D-5B03E2AC873D}.Ad-Hoc|x86.ActiveCfg = Release|Any CPU
		{083640BC-85C9-4A3F-AD1D-5B03E2AC873D}.Ad-Hoc|x86.Build.0 = Release|Any CPU
		{083640BC-85C9-4A3F-AD1D-5B03E2AC873D}.Ad-Hoc|x86.Deploy.0 = Release|Any CPU
		{083640BC-85C9-4A3F-AD1D-5B03E2AC873D}.AppStore|Any CPU.ActiveCfg = Release|Any CPU
		{083640BC-85C9-4A3F-AD1D-5B03E2AC873D}.AppStore|Any CPU.Build.0 = Release|Any CPU
		{083640BC-85C9-4A3F-AD1D-5B03E2AC873D}.AppStore|Any CPU.Deploy.0 = Release|Any CPU
		{083640BC-85C9-4A3F-AD1D-5B03E2AC873D}.AppStore|ARM.ActiveCfg = Release|Any CPU
		{083640BC-85C9-4A3F-AD1D-5B03E2AC873D}.AppStore|ARM.Build.0 = Release|Any CPU
		{083640BC-85C9-4A3F-AD1D-5B03E2AC873D}.AppStore|ARM.Deploy.0 = Release|Any CPU
		{083640BC-85C9-4A3F-AD1D-5B03E2AC873D}.AppStore|iPhone.ActiveCfg = Release|Any CPU
		{083640BC-85C9-4A3F-AD1D-5B03E2AC873D}.AppStore|iPhone.Build.0 = Release|Any CPU
		{083640BC-85C9-4A3F-AD1D-5B03E2AC873D}.AppStore|iPhone.Deploy.0 = Release|Any CPU
		{083640BC-85C9-4A3F-AD1D-5B03E2AC873D}.AppStore|iPhoneSimulator.ActiveCfg = Release|Any CPU
		{083640BC-85C9-4A3F-AD1D-5B03E2AC873D}.AppStore|iPhoneSimulator.Build.0 = Release|Any CPU
		{083640BC-85C9-4A3F-AD1D-5B03E2AC873D}.AppStore|iPhoneSimulator.Deploy.0 = Release|Any CPU
		{083640BC-85C9-4A3F-AD1D-5B03E2AC873D}.AppStore|x64.ActiveCfg = Release|Any CPU
		{083640BC-85C9-4A3F-AD1D-5B03E2AC873D}.AppStore|x64.Build.0 = Release|Any CPU
		{083640BC-85C9-4A3F-AD1D-5B03E2AC873D}.AppStore|x64.Deploy.0 = Release|Any CPU
		{083640BC-85C9-4A3F-AD1D-5B03E2AC873D}.AppStore|x86.ActiveCfg = Release|Any CPU
		{083640BC-85C9-4A3F-AD1D-5B03E2AC873D}.AppStore|x86.Build.0 = Release|Any CPU
		{083640BC-85C9-4A3F-AD1D-5B03E2AC873D}.AppStore|x86.Deploy.0 = Release|Any CPU
		{083640BC-85C9-4A3F-AD1D-5B03E2AC873D}.Debug|Any CPU.ActiveCfg = Debug|Any CPU
		{083640BC-85C9-4A3F-AD1D-5B03E2AC873D}.Debug|Any CPU.Build.0 = Debug|Any CPU
		{083640BC-85C9-4A3F-AD1D-5B03E2AC873D}.Debug|Any CPU.Deploy.0 = Debug|Any CPU
		{083640BC-85C9-4A3F-AD1D-5B03E2AC873D}.Debug|ARM.ActiveCfg = Debug|Any CPU
		{083640BC-85C9-4A3F-AD1D-5B03E2AC873D}.Debug|ARM.Build.0 = Debug|Any CPU
		{083640BC-85C9-4A3F-AD1D-5B03E2AC873D}.Debug|ARM.Deploy.0 = Debug|Any CPU
		{083640BC-85C9-4A3F-AD1D-5B03E2AC873D}.Debug|iPhone.ActiveCfg = Debug|Any CPU
		{083640BC-85C9-4A3F-AD1D-5B03E2AC873D}.Debug|iPhone.Build.0 = Debug|Any CPU
		{083640BC-85C9-4A3F-AD1D-5B03E2AC873D}.Debug|iPhone.Deploy.0 = Debug|Any CPU
		{083640BC-85C9-4A3F-AD1D-5B03E2AC873D}.Debug|iPhoneSimulator.ActiveCfg = Debug|Any CPU
		{083640BC-85C9-4A3F-AD1D-5B03E2AC873D}.Debug|iPhoneSimulator.Build.0 = Debug|Any CPU
		{083640BC-85C9-4A3F-AD1D-5B03E2AC873D}.Debug|iPhoneSimulator.Deploy.0 = Debug|Any CPU
		{083640BC-85C9-4A3F-AD1D-5B03E2AC873D}.Debug|x64.ActiveCfg = Debug|Any CPU
		{083640BC-85C9-4A3F-AD1D-5B03E2AC873D}.Debug|x64.Build.0 = Debug|Any CPU
		{083640BC-85C9-4A3F-AD1D-5B03E2AC873D}.Debug|x64.Deploy.0 = Debug|Any CPU
		{083640BC-85C9-4A3F-AD1D-5B03E2AC873D}.Debug|x86.ActiveCfg = Debug|Any CPU
		{083640BC-85C9-4A3F-AD1D-5B03E2AC873D}.Debug|x86.Build.0 = Debug|Any CPU
		{083640BC-85C9-4A3F-AD1D-5B03E2AC873D}.Debug|x86.Deploy.0 = Debug|Any CPU
		{083640BC-85C9-4A3F-AD1D-5B03E2AC873D}.Release|Any CPU.ActiveCfg = Release|Any CPU
		{083640BC-85C9-4A3F-AD1D-5B03E2AC873D}.Release|Any CPU.Build.0 = Release|Any CPU
		{083640BC-85C9-4A3F-AD1D-5B03E2AC873D}.Release|Any CPU.Deploy.0 = Release|Any CPU
		{083640BC-85C9-4A3F-AD1D-5B03E2AC873D}.Release|ARM.ActiveCfg = Release|Any CPU
		{083640BC-85C9-4A3F-AD1D-5B03E2AC873D}.Release|ARM.Build.0 = Release|Any CPU
		{083640BC-85C9-4A3F-AD1D-5B03E2AC873D}.Release|ARM.Deploy.0 = Release|Any CPU
		{083640BC-85C9-4A3F-AD1D-5B03E2AC873D}.Release|iPhone.ActiveCfg = Release|Any CPU
		{083640BC-85C9-4A3F-AD1D-5B03E2AC873D}.Release|iPhone.Build.0 = Release|Any CPU
		{083640BC-85C9-4A3F-AD1D-5B03E2AC873D}.Release|iPhone.Deploy.0 = Release|Any CPU
		{083640BC-85C9-4A3F-AD1D-5B03E2AC873D}.Release|iPhoneSimulator.ActiveCfg = Release|Any CPU
		{083640BC-85C9-4A3F-AD1D-5B03E2AC873D}.Release|iPhoneSimulator.Build.0 = Release|Any CPU
		{083640BC-85C9-4A3F-AD1D-5B03E2AC873D}.Release|iPhoneSimulator.Deploy.0 = Release|Any CPU
		{083640BC-85C9-4A3F-AD1D-5B03E2AC873D}.Release|x64.ActiveCfg = Release|Any CPU
		{083640BC-85C9-4A3F-AD1D-5B03E2AC873D}.Release|x64.Build.0 = Release|Any CPU
		{083640BC-85C9-4A3F-AD1D-5B03E2AC873D}.Release|x64.Deploy.0 = Release|Any CPU
		{083640BC-85C9-4A3F-AD1D-5B03E2AC873D}.Release|x86.ActiveCfg = Release|Any CPU
		{083640BC-85C9-4A3F-AD1D-5B03E2AC873D}.Release|x86.Build.0 = Release|Any CPU
		{083640BC-85C9-4A3F-AD1D-5B03E2AC873D}.Release|x86.Deploy.0 = Release|Any CPU
		{23D2B0C4-6250-4191-AEBD-894AA708096C}.Ad-Hoc|Any CPU.ActiveCfg = Ad-Hoc|iPhone
		{23D2B0C4-6250-4191-AEBD-894AA708096C}.Ad-Hoc|ARM.ActiveCfg = Ad-Hoc|iPhone
		{23D2B0C4-6250-4191-AEBD-894AA708096C}.Ad-Hoc|iPhone.ActiveCfg = Ad-Hoc|iPhone
		{23D2B0C4-6250-4191-AEBD-894AA708096C}.Ad-Hoc|iPhone.Build.0 = Ad-Hoc|iPhone
		{23D2B0C4-6250-4191-AEBD-894AA708096C}.Ad-Hoc|iPhoneSimulator.ActiveCfg = Ad-Hoc|iPhoneSimulator
		{23D2B0C4-6250-4191-AEBD-894AA708096C}.Ad-Hoc|iPhoneSimulator.Build.0 = Ad-Hoc|iPhoneSimulator
		{23D2B0C4-6250-4191-AEBD-894AA708096C}.Ad-Hoc|x64.ActiveCfg = Ad-Hoc|iPhone
		{23D2B0C4-6250-4191-AEBD-894AA708096C}.Ad-Hoc|x86.ActiveCfg = Ad-Hoc|iPhone
		{23D2B0C4-6250-4191-AEBD-894AA708096C}.AppStore|Any CPU.ActiveCfg = AppStore|iPhone
		{23D2B0C4-6250-4191-AEBD-894AA708096C}.AppStore|ARM.ActiveCfg = AppStore|iPhone
		{23D2B0C4-6250-4191-AEBD-894AA708096C}.AppStore|iPhone.ActiveCfg = AppStore|iPhone
		{23D2B0C4-6250-4191-AEBD-894AA708096C}.AppStore|iPhone.Build.0 = AppStore|iPhone
		{23D2B0C4-6250-4191-AEBD-894AA708096C}.AppStore|iPhoneSimulator.ActiveCfg = AppStore|iPhoneSimulator
		{23D2B0C4-6250-4191-AEBD-894AA708096C}.AppStore|iPhoneSimulator.Build.0 = AppStore|iPhoneSimulator
		{23D2B0C4-6250-4191-AEBD-894AA708096C}.AppStore|x64.ActiveCfg = AppStore|iPhone
		{23D2B0C4-6250-4191-AEBD-894AA708096C}.AppStore|x86.ActiveCfg = AppStore|iPhone
		{23D2B0C4-6250-4191-AEBD-894AA708096C}.Debug|Any CPU.ActiveCfg = Debug|iPhone
		{23D2B0C4-6250-4191-AEBD-894AA708096C}.Debug|ARM.ActiveCfg = Debug|iPhone
		{23D2B0C4-6250-4191-AEBD-894AA708096C}.Debug|iPhone.ActiveCfg = Debug|iPhone
		{23D2B0C4-6250-4191-AEBD-894AA708096C}.Debug|iPhone.Build.0 = Debug|iPhone
		{23D2B0C4-6250-4191-AEBD-894AA708096C}.Debug|iPhoneSimulator.ActiveCfg = Debug|iPhoneSimulator
		{23D2B0C4-6250-4191-AEBD-894AA708096C}.Debug|iPhoneSimulator.Build.0 = Debug|iPhoneSimulator
		{23D2B0C4-6250-4191-AEBD-894AA708096C}.Debug|x64.ActiveCfg = Debug|iPhone
		{23D2B0C4-6250-4191-AEBD-894AA708096C}.Debug|x86.ActiveCfg = Debug|iPhone
		{23D2B0C4-6250-4191-AEBD-894AA708096C}.Release|Any CPU.ActiveCfg = Release|iPhone
		{23D2B0C4-6250-4191-AEBD-894AA708096C}.Release|ARM.ActiveCfg = Release|iPhone
		{23D2B0C4-6250-4191-AEBD-894AA708096C}.Release|iPhone.ActiveCfg = Release|iPhone
		{23D2B0C4-6250-4191-AEBD-894AA708096C}.Release|iPhone.Build.0 = Release|iPhone
		{23D2B0C4-6250-4191-AEBD-894AA708096C}.Release|iPhoneSimulator.ActiveCfg = Release|iPhoneSimulator
		{23D2B0C4-6250-4191-AEBD-894AA708096C}.Release|iPhoneSimulator.Build.0 = Release|iPhoneSimulator
		{23D2B0C4-6250-4191-AEBD-894AA708096C}.Release|x64.ActiveCfg = Release|iPhone
		{23D2B0C4-6250-4191-AEBD-894AA708096C}.Release|x86.ActiveCfg = Release|iPhone
		{CB2864F3-19E6-4544-9DEA-EC86792932D6}.Ad-Hoc|Any CPU.ActiveCfg = Release|x86
		{CB2864F3-19E6-4544-9DEA-EC86792932D6}.Ad-Hoc|Any CPU.Build.0 = Release|x86
		{CB2864F3-19E6-4544-9DEA-EC86792932D6}.Ad-Hoc|Any CPU.Deploy.0 = Release|x86
		{CB2864F3-19E6-4544-9DEA-EC86792932D6}.Ad-Hoc|ARM.ActiveCfg = Release|ARM
		{CB2864F3-19E6-4544-9DEA-EC86792932D6}.Ad-Hoc|ARM.Build.0 = Release|ARM
		{CB2864F3-19E6-4544-9DEA-EC86792932D6}.Ad-Hoc|ARM.Deploy.0 = Release|ARM
		{CB2864F3-19E6-4544-9DEA-EC86792932D6}.Ad-Hoc|iPhone.ActiveCfg = Release|x86
		{CB2864F3-19E6-4544-9DEA-EC86792932D6}.Ad-Hoc|iPhone.Build.0 = Release|x86
		{CB2864F3-19E6-4544-9DEA-EC86792932D6}.Ad-Hoc|iPhone.Deploy.0 = Release|x86
		{CB2864F3-19E6-4544-9DEA-EC86792932D6}.Ad-Hoc|iPhoneSimulator.ActiveCfg = Release|x86
		{CB2864F3-19E6-4544-9DEA-EC86792932D6}.Ad-Hoc|iPhoneSimulator.Build.0 = Release|x86
		{CB2864F3-19E6-4544-9DEA-EC86792932D6}.Ad-Hoc|iPhoneSimulator.Deploy.0 = Release|x86
		{CB2864F3-19E6-4544-9DEA-EC86792932D6}.Ad-Hoc|x64.ActiveCfg = Release|x64
		{CB2864F3-19E6-4544-9DEA-EC86792932D6}.Ad-Hoc|x64.Build.0 = Release|x64
		{CB2864F3-19E6-4544-9DEA-EC86792932D6}.Ad-Hoc|x64.Deploy.0 = Release|x64
		{CB2864F3-19E6-4544-9DEA-EC86792932D6}.Ad-Hoc|x86.ActiveCfg = Release|x86
		{CB2864F3-19E6-4544-9DEA-EC86792932D6}.Ad-Hoc|x86.Build.0 = Release|x86
		{CB2864F3-19E6-4544-9DEA-EC86792932D6}.Ad-Hoc|x86.Deploy.0 = Release|x86
		{CB2864F3-19E6-4544-9DEA-EC86792932D6}.AppStore|Any CPU.ActiveCfg = Release|x86
		{CB2864F3-19E6-4544-9DEA-EC86792932D6}.AppStore|Any CPU.Build.0 = Release|x86
		{CB2864F3-19E6-4544-9DEA-EC86792932D6}.AppStore|Any CPU.Deploy.0 = Release|x86
		{CB2864F3-19E6-4544-9DEA-EC86792932D6}.AppStore|ARM.ActiveCfg = Release|ARM
		{CB2864F3-19E6-4544-9DEA-EC86792932D6}.AppStore|ARM.Build.0 = Release|ARM
		{CB2864F3-19E6-4544-9DEA-EC86792932D6}.AppStore|ARM.Deploy.0 = Release|ARM
		{CB2864F3-19E6-4544-9DEA-EC86792932D6}.AppStore|iPhone.ActiveCfg = Release|x86
		{CB2864F3-19E6-4544-9DEA-EC86792932D6}.AppStore|iPhone.Build.0 = Release|x86
		{CB2864F3-19E6-4544-9DEA-EC86792932D6}.AppStore|iPhone.Deploy.0 = Release|x86
		{CB2864F3-19E6-4544-9DEA-EC86792932D6}.AppStore|iPhoneSimulator.ActiveCfg = Release|x86
		{CB2864F3-19E6-4544-9DEA-EC86792932D6}.AppStore|iPhoneSimulator.Build.0 = Release|x86
		{CB2864F3-19E6-4544-9DEA-EC86792932D6}.AppStore|iPhoneSimulator.Deploy.0 = Release|x86
		{CB2864F3-19E6-4544-9DEA-EC86792932D6}.AppStore|x64.ActiveCfg = Release|x64
		{CB2864F3-19E6-4544-9DEA-EC86792932D6}.AppStore|x64.Build.0 = Release|x64
		{CB2864F3-19E6-4544-9DEA-EC86792932D6}.AppStore|x64.Deploy.0 = Release|x64
		{CB2864F3-19E6-4544-9DEA-EC86792932D6}.AppStore|x86.ActiveCfg = Release|x86
		{CB2864F3-19E6-4544-9DEA-EC86792932D6}.AppStore|x86.Build.0 = Release|x86
		{CB2864F3-19E6-4544-9DEA-EC86792932D6}.AppStore|x86.Deploy.0 = Release|x86
		{CB2864F3-19E6-4544-9DEA-EC86792932D6}.Debug|Any CPU.ActiveCfg = Debug|x86
		{CB2864F3-19E6-4544-9DEA-EC86792932D6}.Debug|ARM.ActiveCfg = Debug|ARM
		{CB2864F3-19E6-4544-9DEA-EC86792932D6}.Debug|ARM.Build.0 = Debug|ARM
		{CB2864F3-19E6-4544-9DEA-EC86792932D6}.Debug|ARM.Deploy.0 = Debug|ARM
		{CB2864F3-19E6-4544-9DEA-EC86792932D6}.Debug|iPhone.ActiveCfg = Debug|x86
		{CB2864F3-19E6-4544-9DEA-EC86792932D6}.Debug|iPhoneSimulator.ActiveCfg = Debug|x86
		{CB2864F3-19E6-4544-9DEA-EC86792932D6}.Debug|x64.ActiveCfg = Debug|x64
		{CB2864F3-19E6-4544-9DEA-EC86792932D6}.Debug|x64.Build.0 = Debug|x64
		{CB2864F3-19E6-4544-9DEA-EC86792932D6}.Debug|x64.Deploy.0 = Debug|x64
		{CB2864F3-19E6-4544-9DEA-EC86792932D6}.Debug|x86.ActiveCfg = Debug|x86
		{CB2864F3-19E6-4544-9DEA-EC86792932D6}.Debug|x86.Build.0 = Debug|x86
		{CB2864F3-19E6-4544-9DEA-EC86792932D6}.Debug|x86.Deploy.0 = Debug|x86
		{CB2864F3-19E6-4544-9DEA-EC86792932D6}.Release|Any CPU.ActiveCfg = Release|x86
		{CB2864F3-19E6-4544-9DEA-EC86792932D6}.Release|ARM.ActiveCfg = Release|ARM
		{CB2864F3-19E6-4544-9DEA-EC86792932D6}.Release|ARM.Build.0 = Release|ARM
		{CB2864F3-19E6-4544-9DEA-EC86792932D6}.Release|ARM.Deploy.0 = Release|ARM
		{CB2864F3-19E6-4544-9DEA-EC86792932D6}.Release|iPhone.ActiveCfg = Release|x86
		{CB2864F3-19E6-4544-9DEA-EC86792932D6}.Release|iPhoneSimulator.ActiveCfg = Release|x86
		{CB2864F3-19E6-4544-9DEA-EC86792932D6}.Release|x64.ActiveCfg = Release|x64
		{CB2864F3-19E6-4544-9DEA-EC86792932D6}.Release|x64.Build.0 = Release|x64
		{CB2864F3-19E6-4544-9DEA-EC86792932D6}.Release|x64.Deploy.0 = Release|x64
		{CB2864F3-19E6-4544-9DEA-EC86792932D6}.Release|x86.ActiveCfg = Release|x86
		{CB2864F3-19E6-4544-9DEA-EC86792932D6}.Release|x86.Build.0 = Release|x86
		{CB2864F3-19E6-4544-9DEA-EC86792932D6}.Release|x86.Deploy.0 = Release|x86
	EndGlobalSection
	GlobalSection(SolutionProperties) = preSolution
		HideSolutionNode = FALSE
	EndGlobalSection
	GlobalSection(ExtensibilityGlobals) = postSolution
		SolutionGuid = {2E4DB123-67F6-4661-8D8E-940CEC99603B}
	EndGlobalSection
EndGlobal
